// !$*UTF8*$!
{
	archiveVersion = 1;
	classes = {
	};
	objectVersion = 50;
	objects = {

/* Begin PBXBuildFile section */
		A5504F5D243C4E860034FD2D /* KBluetoothKit.framework in Frameworks */ = {isa = PBXBuildFile; fileRef = A5504F53243C4E860034FD2D /* KBluetoothKit.framework */; };
		A5504F62243C4E860034FD2D /* KBluetoothKitTests.swift in Sources */ = {isa = PBXBuildFile; fileRef = A5504F61243C4E860034FD2D /* KBluetoothKitTests.swift */; };
		A5504F64243C4E860034FD2D /* KBluetoothKit.h in Headers */ = {isa = PBXBuildFile; fileRef = A5504F56243C4E860034FD2D /* KBluetoothKit.h */; settings = {ATTRIBUTES = (Public, ); }; };
/* End PBXBuildFile section */

/* Begin PBXContainerItemProxy section */
		A5504F5E243C4E860034FD2D /* PBXContainerItemProxy */ = {
			isa = PBXContainerItemProxy;
			containerPortal = A5504F4A243C4E860034FD2D /* Project object */;
			proxyType = 1;
			remoteGlobalIDString = A5504F52243C4E860034FD2D;
			remoteInfo = KBluetoothKit;
		};
/* End PBXContainerItemProxy section */

/* Begin PBXFileReference section */
		A5504F53243C4E860034FD2D /* KBluetoothKit.framework */ = {isa = PBXFileReference; explicitFileType = wrapper.framework; includeInIndex = 0; path = KBluetoothKit.framework; sourceTree = BUILT_PRODUCTS_DIR; };
		A5504F56243C4E860034FD2D /* KBluetoothKit.h */ = {isa = PBXFileReference; lastKnownFileType = sourcecode.c.h; path = KBluetoothKit.h; sourceTree = "<group>"; };
		A5504F57243C4E860034FD2D /* Info.plist */ = {isa = PBXFileReference; lastKnownFileType = text.plist.xml; path = Info.plist; sourceTree = "<group>"; };
		A5504F5C243C4E860034FD2D /* KBluetoothKitTests.xctest */ = {isa = PBXFileReference; explicitFileType = wrapper.cfbundle; includeInIndex = 0; path = KBluetoothKitTests.xctest; sourceTree = BUILT_PRODUCTS_DIR; };
		A5504F61243C4E860034FD2D /* KBluetoothKitTests.swift */ = {isa = PBXFileReference; lastKnownFileType = sourcecode.swift; path = KBluetoothKitTests.swift; sourceTree = "<group>"; };
		A5504F63243C4E860034FD2D /* Info.plist */ = {isa = PBXFileReference; lastKnownFileType = text.plist.xml; path = Info.plist; sourceTree = "<group>"; };
/* End PBXFileReference section */

/* Begin PBXFrameworksBuildPhase section */
		A5504F50243C4E860034FD2D /* Frameworks */ = {
			isa = PBXFrameworksBuildPhase;
			buildActionMask = 2147483647;
			files = (
			);
			runOnlyForDeploymentPostprocessing = 0;
		};
		A5504F59243C4E860034FD2D /* Frameworks */ = {
			isa = PBXFrameworksBuildPhase;
			buildActionMask = 2147483647;
			files = (
				A5504F5D243C4E860034FD2D /* KBluetoothKit.framework in Frameworks */,
			);
			runOnlyForDeploymentPostprocessing = 0;
		};
/* End PBXFrameworksBuildPhase section */

/* Begin PBXGroup section */
		A5504F49243C4E860034FD2D = {
			isa = PBXGroup;
			children = (
				A5504F55243C4E860034FD2D /* KBluetoothKit */,
				A5504F60243C4E860034FD2D /* KBluetoothKitTests */,
				A5504F54243C4E860034FD2D /* Products */,
			);
			sourceTree = "<group>";
		};
		A5504F54243C4E860034FD2D /* Products */ = {
			isa = PBXGroup;
			children = (
				A5504F53243C4E860034FD2D /* KBluetoothKit.framework */,
				A5504F5C243C4E860034FD2D /* KBluetoothKitTests.xctest */,
			);
			name = Products;
			sourceTree = "<group>";
		};
		A5504F55243C4E860034FD2D /* KBluetoothKit */ = {
			isa = PBXGroup;
			children = (
				A5504F56243C4E860034FD2D /* KBluetoothKit.h */,
				A5504F57243C4E860034FD2D /* Info.plist */,
			);
			path = KBluetoothKit;
			sourceTree = "<group>";
		};
		A5504F60243C4E860034FD2D /* KBluetoothKitTests */ = {
			isa = PBXGroup;
			children = (
				A5504F61243C4E860034FD2D /* KBluetoothKitTests.swift */,
				A5504F63243C4E860034FD2D /* Info.plist */,
			);
			path = KBluetoothKitTests;
			sourceTree = "<group>";
		};
/* End PBXGroup section */

/* Begin PBXHeadersBuildPhase section */
		A5504F4E243C4E860034FD2D /* Headers */ = {
			isa = PBXHeadersBuildPhase;
			buildActionMask = 2147483647;
			files = (
				A5504F64243C4E860034FD2D /* KBluetoothKit.h in Headers */,
			);
			runOnlyForDeploymentPostprocessing = 0;
		};
/* End PBXHeadersBuildPhase section */

/* Begin PBXNativeTarget section */
		A5504F52243C4E860034FD2D /* KBluetoothKit */ = {
			isa = PBXNativeTarget;
			buildConfigurationList = A5504F67243C4E860034FD2D /* Build configuration list for PBXNativeTarget "KBluetoothKit" */;
			buildPhases = (
				A5504F4E243C4E860034FD2D /* Headers */,
				A5504F4F243C4E860034FD2D /* Sources */,
				A5504F50243C4E860034FD2D /* Frameworks */,
				A5504F51243C4E860034FD2D /* Resources */,
			);
			buildRules = (
			);
			dependencies = (
			);
			name = KBluetoothKit;
			productName = KBluetoothKit;
			productReference = A5504F53243C4E860034FD2D /* KBluetoothKit.framework */;
			productType = "com.apple.product-type.framework";
		};
		A5504F5B243C4E860034FD2D /* KBluetoothKitTests */ = {
			isa = PBXNativeTarget;
			buildConfigurationList = A5504F6A243C4E860034FD2D /* Build configuration list for PBXNativeTarget "KBluetoothKitTests" */;
			buildPhases = (
				A5504F58243C4E860034FD2D /* Sources */,
				A5504F59243C4E860034FD2D /* Frameworks */,
				A5504F5A243C4E860034FD2D /* Resources */,
			);
			buildRules = (
			);
			dependencies = (
				A5504F5F243C4E860034FD2D /* PBXTargetDependency */,
			);
			name = KBluetoothKitTests;
			productName = KBluetoothKitTests;
			productReference = A5504F5C243C4E860034FD2D /* KBluetoothKitTests.xctest */;
			productType = "com.apple.product-type.bundle.unit-test";
		};
/* End PBXNativeTarget section */

/* Begin PBXProject section */
		A5504F4A243C4E860034FD2D /* Project object */ = {
			isa = PBXProject;
			attributes = {
				LastSwiftUpdateCheck = 1110;
				LastUpgradeCheck = 1110;
				ORGANIZATIONNAME = "yulu kong";
				TargetAttributes = {
					A5504F52243C4E860034FD2D = {
						CreatedOnToolsVersion = 11.1;
					};
					A5504F5B243C4E860034FD2D = {
						CreatedOnToolsVersion = 11.1;
					};
				};
			};
			buildConfigurationList = A5504F4D243C4E860034FD2D /* Build configuration list for PBXProject "KBluetoothKit" */;
			compatibilityVersion = "Xcode 9.3";
			developmentRegion = en;
			hasScannedForEncodings = 0;
			knownRegions = (
				en,
				Base,
			);
			mainGroup = A5504F49243C4E860034FD2D;
			productRefGroup = A5504F54243C4E860034FD2D /* Products */;
			projectDirPath = "";
			projectRoot = "";
			targets = (
				A5504F52243C4E860034FD2D /* KBluetoothKit */,
				A5504F5B243C4E860034FD2D /* KBluetoothKitTests */,
			);
		};
/* End PBXProject section */

/* Begin PBXResourcesBuildPhase section */
		A5504F51243C4E860034FD2D /* Resources */ = {
			isa = PBXResourcesBuildPhase;
			buildActionMask = 2147483647;
			files = (
			);
			runOnlyForDeploymentPostprocessing = 0;
		};
		A5504F5A243C4E860034FD2D /* Resources */ = {
			isa = PBXResourcesBuildPhase;
			buildActionMask = 2147483647;
			files = (
			);
			runOnlyForDeploymentPostprocessing = 0;
		};
/* End PBXResourcesBuildPhase section */

/* Begin PBXSourcesBuildPhase section */
		A5504F4F243C4E860034FD2D /* Sources */ = {
			isa = PBXSourcesBuildPhase;
			buildActionMask = 2147483647;
			files = (
			);
			runOnlyForDeploymentPostprocessing = 0;
		};
		A5504F58243C4E860034FD2D /* Sources */ = {
			isa = PBXSourcesBuildPhase;
			buildActionMask = 2147483647;
			files = (
				A5504F62243C4E860034FD2D /* KBluetoothKitTests.swift in Sources */,
			);
			runOnlyForDeploymentPostprocessing = 0;
		};
/* End PBXSourcesBuildPhase section */

/* Begin PBXTargetDependency section */
		A5504F5F243C4E860034FD2D /* PBXTargetDependency */ = {
			isa = PBXTargetDependency;
			target = A5504F52243C4E860034FD2D /* KBluetoothKit */;
			targetProxy = A5504F5E243C4E860034FD2D /* PBXContainerItemProxy */;
		};
/* End PBXTargetDependency section */

/* Begin XCBuildConfiguration section */
		A5504F65243C4E860034FD2D /* Debug */ = {
			isa = XCBuildConfiguration;
			buildSettings = {
				ALWAYS_SEARCH_USER_PATHS = NO;
				CLANG_ANALYZER_NONNULL = YES;
				CLANG_ANALYZER_NUMBER_OBJECT_CONVERSION = YES_AGGRESSIVE;
				CLANG_CXX_LANGUAGE_STANDARD = "gnu++14";
				CLANG_CXX_LIBRARY = "libc++";
				CLANG_ENABLE_MODULES = YES;
				CLANG_ENABLE_OBJC_ARC = YES;
				CLANG_ENABLE_OBJC_WEAK = YES;
				CLANG_WARN_BLOCK_CAPTURE_AUTORELEASING = YES;
				CLANG_WARN_BOOL_CONVERSION = YES;
				CLANG_WARN_COMMA = YES;
				CLANG_WARN_CONSTANT_CONVERSION = YES;
				CLANG_WARN_DEPRECATED_OBJC_IMPLEMENTATIONS = YES;
				CLANG_WARN_DIRECT_OBJC_ISA_USAGE = YES_ERROR;
				CLANG_WARN_DOCUMENTATION_COMMENTS = YES;
				CLANG_WARN_EMPTY_BODY = YES;
				CLANG_WARN_ENUM_CONVERSION = YES;
				CLANG_WARN_INFINITE_RECURSION = YES;
				CLANG_WARN_INT_CONVERSION = YES;
				CLANG_WARN_NON_LITERAL_NULL_CONVERSION = YES;
				CLANG_WARN_OBJC_IMPLICIT_RETAIN_SELF = YES;
				CLANG_WARN_OBJC_LITERAL_CONVERSION = YES;
				CLANG_WARN_OBJC_ROOT_CLASS = YES_ERROR;
				CLANG_WARN_RANGE_LOOP_ANALYSIS = YES;
				CLANG_WARN_STRICT_PROTOTYPES = YES;
				CLANG_WARN_SUSPICIOUS_MOVE = YES;
				CLANG_WARN_UNGUARDED_AVAILABILITY = YES_AGGRESSIVE;
				CLANG_WARN_UNREACHABLE_CODE = YES;
				CLANG_WARN__DUPLICATE_METHOD_MATCH = YES;
				COPY_PHASE_STRIP = NO;
				CURRENT_PROJECT_VERSION = 1;
				DEBUG_INFORMATION_FORMAT = dwarf;
				ENABLE_STRICT_OBJC_MSGSEND = YES;
				ENABLE_TESTABILITY = YES;
				GCC_C_LANGUAGE_STANDARD = gnu11;
				GCC_DYNAMIC_NO_PIC = NO;
				GCC_NO_COMMON_BLOCKS = YES;
				GCC_OPTIMIZATION_LEVEL = 0;
				GCC_PREPROCESSOR_DEFINITIONS = (
					"DEBUG=1",
					"$(inherited)",
				);
				GCC_WARN_64_TO_32_BIT_CONVERSION = YES;
				GCC_WARN_ABOUT_RETURN_TYPE = YES_ERROR;
				GCC_WARN_UNDECLARED_SELECTOR = YES;
				GCC_WARN_UNINITIALIZED_AUTOS = YES_AGGRESSIVE;
				GCC_WARN_UNUSED_FUNCTION = YES;
				GCC_WARN_UNUSED_VARIABLE = YES;
				IPHONEOS_DEPLOYMENT_TARGET = 13.1;
				MTL_ENABLE_DEBUG_INFO = INCLUDE_SOURCE;
				MTL_FAST_MATH = YES;
				ONLY_ACTIVE_ARCH = YES;
				SDKROOT = iphoneos;
				SWIFT_ACTIVE_COMPILATION_CONDITIONS = DEBUG;
				SWIFT_OPTIMIZATION_LEVEL = "-Onone";
				VERSIONING_SYSTEM = "apple-generic";
				VERSION_INFO_PREFIX = "";
			};
			name = Debug;
		};
		A5504F66243C4E860034FD2D /* Release */ = {
			isa = XCBuildConfiguration;
			buildSettings = {
				ALWAYS_SEARCH_USER_PATHS = NO;
				CLANG_ANALYZER_NONNULL = YES;
				CLANG_ANALYZER_NUMBER_OBJECT_CONVERSION = YES_AGGRESSIVE;
				CLANG_CXX_LANGUAGE_STANDARD = "gnu++14";
				CLANG_CXX_LIBRARY = "libc++";
				CLANG_ENABLE_MODULES = YES;
				CLANG_ENABLE_OBJC_ARC = YES;
				CLANG_ENABLE_OBJC_WEAK = YES;
				CLANG_WARN_BLOCK_CAPTURE_AUTORELEASING = YES;
				CLANG_WARN_BOOL_CONVERSION = YES;
				CLANG_WARN_COMMA = YES;
				CLANG_WARN_CONSTANT_CONVERSION = YES;
				CLANG_WARN_DEPRECATED_OBJC_IMPLEMENTATIONS = YES;
				CLANG_WARN_DIRECT_OBJC_ISA_USAGE = YES_ERROR;
				CLANG_WARN_DOCUMENTATION_COMMENTS = YES;
				CLANG_WARN_EMPTY_BODY = YES;
				CLANG_WARN_ENUM_CONVERSION = YES;
				CLANG_WARN_INFINITE_RECURSION = YES;
				CLANG_WARN_INT_CONVERSION = YES;
				CLANG_WARN_NON_LITERAL_NULL_CONVERSION = YES;
				CLANG_WARN_OBJC_IMPLICIT_RETAIN_SELF = YES;
				CLANG_WARN_OBJC_LITERAL_CONVERSION = YES;
				CLANG_WARN_OBJC_ROOT_CLASS = YES_ERROR;
				CLANG_WARN_RANGE_LOOP_ANALYSIS = YES;
				CLANG_WARN_STRICT_PROTOTYPES = YES;
				CLANG_WARN_SUSPICIOUS_MOVE = YES;
				CLANG_WARN_UNGUARDED_AVAILABILITY = YES_AGGRESSIVE;
				CLANG_WARN_UNREACHABLE_CODE = YES;
				CLANG_WARN__DUPLICATE_METHOD_MATCH = YES;
				COPY_PHASE_STRIP = NO;
				CURRENT_PROJECT_VERSION = 1;
				DEBUG_INFORMATION_FORMAT = "dwarf-with-dsym";
				ENABLE_NS_ASSERTIONS = NO;
				ENABLE_STRICT_OBJC_MSGSEND = YES;
				GCC_C_LANGUAGE_STANDARD = gnu11;
				GCC_NO_COMMON_BLOCKS = YES;
				GCC_WARN_64_TO_32_BIT_CONVERSION = YES;
				GCC_WARN_ABOUT_RETURN_TYPE = YES_ERROR;
				GCC_WARN_UNDECLARED_SELECTOR = YES;
				GCC_WARN_UNINITIALIZED_AUTOS = YES_AGGRESSIVE;
				GCC_WARN_UNUSED_FUNCTION = YES;
				GCC_WARN_UNUSED_VARIABLE = YES;
				IPHONEOS_DEPLOYMENT_TARGET = 13.1;
				MTL_ENABLE_DEBUG_INFO = NO;
				MTL_FAST_MATH = YES;
				SDKROOT = iphoneos;
				SWIFT_COMPILATION_MODE = wholemodule;
				SWIFT_OPTIMIZATION_LEVEL = "-O";
				VALIDATE_PRODUCT = YES;
				VERSIONING_SYSTEM = "apple-generic";
				VERSION_INFO_PREFIX = "";
			};
			name = Release;
		};
		A5504F68243C4E860034FD2D /* Debug */ = {
			isa = XCBuildConfiguration;
			buildSettings = {
				CODE_SIGN_STYLE = Automatic;
				DEFINES_MODULE = YES;
				DEVELOPMENT_TEAM = GLWCRSS83U;
				DYLIB_COMPATIBILITY_VERSION = 1;
				DYLIB_CURRENT_VERSION = 1;
				DYLIB_INSTALL_NAME_BASE = "@rpath";
				INFOPLIST_FILE = KBluetoothKit/Info.plist;
				INSTALL_PATH = "$(LOCAL_LIBRARY_DIR)/Frameworks";
				LD_RUNPATH_SEARCH_PATHS = (
					"$(inherited)",
					"@executable_path/Frameworks",
					"@loader_path/Frameworks",
				);
				PRODUCT_BUNDLE_IDENTIFIER = com.wswy.l05.KBluetoothKit;
				PRODUCT_NAME = "$(TARGET_NAME:c99extidentifier)";
				SKIP_INSTALL = YES;
				SWIFT_VERSION = 5.0;
				TARGETED_DEVICE_FAMILY = "1,2";
			};
			name = Debug;
		};
		A5504F69243C4E860034FD2D /* Release */ = {
			isa = XCBuildConfiguration;
			buildSettings = {
				CODE_SIGN_STYLE = Automatic;
				DEFINES_MODULE = YES;
				DEVELOPMENT_TEAM = GLWCRSS83U;
				DYLIB_COMPATIBILITY_VERSION = 1;
				DYLIB_CURRENT_VERSION = 1;
				DYLIB_INSTALL_NAME_BASE = "@rpath";
				INFOPLIST_FILE = KBluetoothKit/Info.plist;
				INSTALL_PATH = "$(LOCAL_LIBRARY_DIR)/Frameworks";
				LD_RUNPATH_SEARCH_PATHS = (
					"$(inherited)",
					"@executable_path/Frameworks",
					"@loader_path/Frameworks",
				);
				PRODUCT_BUNDLE_IDENTIFIER = com.wswy.l05.KBluetoothKit;
				PRODUCT_NAME = "$(TARGET_NAME:c99extidentifier)";
				SKIP_INSTALL = YES;
				SWIFT_VERSION = 5.0;
				TARGETED_DEVICE_FAMILY = "1,2";
			};
			name = Release;
		};
		A5504F6B243C4E860034FD2D /* Debug */ = {
			isa = XCBuildConfiguration;
			buildSettings = {
				CODE_SIGN_STYLE = Automatic;
				DEVELOPMENT_TEAM = GLWCRSS83U;
				INFOPLIST_FILE = KBluetoothKitTests/Info.plist;
				LD_RUNPATH_SEARCH_PATHS = (
					"$(inherited)",
					"@executable_path/Frameworks",
					"@loader_path/Frameworks",
				);
				PRODUCT_BUNDLE_IDENTIFIER = com.wswy.l05.KBluetoothKitTests;
				PRODUCT_NAME = "$(TARGET_NAME)";
				SWIFT_VERSION = 5.0;
				TARGETED_DEVICE_FAMILY = "1,2";
			};
			name = Debug;
		};
		A5504F6C243C4E860034FD2D /* Release */ = {
			isa = XCBuildConfiguration;
			buildSettings = {
				CODE_SIGN_STYLE = Automatic;
				DEVELOPMENT_TEAM = GLWCRSS83U;
				INFOPLIST_FILE = KBluetoothKitTests/Info.plist;
				LD_RUNPATH_SEARCH_PATHS = (
					"$(inherited)",
					"@executable_path/Frameworks",
					"@loader_path/Frameworks",
				);
				PRODUCT_BUNDLE_IDENTIFIER = com.wswy.l05.KBluetoothKitTests;
				PRODUCT_NAME = "$(TARGET_NAME)";
				SWIFT_VERSION = 5.0;
				TARGETED_DEVICE_FAMILY = "1,2";
			};
			name = Release;
		};
/* End XCBuildConfiguration section */

/* Begin XCConfigurationList section */
		A5504F4D243C4E860034FD2D /* Build configuration list for PBXProject "KBluetoothKit" */ = {
			isa = XCConfigurationList;
			buildConfigurations = (
				A5504F65243C4E860034FD2D /* Debug */,
				A5504F66243C4E860034FD2D /* Release */,
			);
			defaultConfigurationIsVisible = 0;
			defaultConfigurationName = Release;
		};
		A5504F67243C4E860034FD2D /* Build configuration list for PBXNativeTarget "KBluetoothKit" */ = {
			isa = XCConfigurationList;
			buildConfigurations = (
				A5504F68243C4E860034FD2D /* Debug */,
				A5504F69243C4E860034FD2D /* Release */,
			);
			defaultConfigurationIsVisible = 0;
			defaultConfigurationName = Release;
		};
		A5504F6A243C4E860034FD2D /* Build configuration list for PBXNativeTarget "KBluetoothKitTests" */ = {
			isa = XCConfigurationList;
			buildConfigurations = (
				A5504F6B243C4E860034FD2D /* Debug */,
				A5504F6C243C4E860034FD2D /* Release */,
			);
			defaultConfigurationIsVisible = 0;
			defaultConfigurationName = Release;
		};
/* End XCConfigurationList section */
	};
	rootObject = A5504F4A243C4E860034FD2D /* Project object */;
}
